
Microsoft Visual Studio Solution File, Format Version 12.00
# Visual Studio Version 17
VisualStudioVersion = 17.8.34322.80
MinimumVisualStudioVersion = 10.0.40219.1
Project("{FAE04EC0-301F-11D3-BF4B-00C04F79EFBC}") = "Olympiad 5.0", "Olympiad 5.0\Olympiad 5.0.csproj", "{ECAB0AF5-1D68-4104-908E-0D81E1730C66}"
EndProject
Global
	GlobalSection(SolutionConfigurationPlatforms) = preSolution
		Debug|Any CPU = Debug|Any CPU
		Release|Any CPU = Release|Any CPU
	EndGlobalSection
	GlobalSection(ProjectConfigurationPlatforms) = postSolution
		{ECAB0AF5-1D68-4104-908E-0D81E1730C66}.Debug|Any CPU.ActiveCfg = Debug|Any CPU
		{ECAB0AF5-1D68-4104-908E-0D81E1730C66}.Debug|Any CPU.Build.0 = Debug|Any CPU
		{ECAB0AF5-1D68-4104-908E-0D81E1730C66}.Release|Any CPU.ActiveCfg = Release|Any CPU
		{ECAB0AF5-1D68-4104-908E-0D81E1730C66}.Release|Any CPU.Build.0 = Release|Any CPU
	EndGlobalSection
	GlobalSection(SolutionProperties) = preSolution
		HideSolutionNode = FALSE
	EndGlobalSection
	GlobalSection(ExtensibilityGlobals) = postSolution
		SolutionGuid = {5DC3523D-5D48-4A92-9092-46501AED1FE8}
	EndGlobalSection
EndGlobal
